
Microsoft Visual Studio Solution File, Format Version 12.00
# Visual Studio Version 16
VisualStudioVersion = 16.0.30114.105
MinimumVisualStudioVersion = 10.0.40219.1
Project("{FAE04EC0-301F-11D3-BF4B-00C04F79EFBC}") = "Todo.Domain", "Todo.Domain\Todo.Domain.csproj", "{18E2311F-3654-4877-99F9-059772ECD17C}"
EndProject
Project("{FAE04EC0-301F-11D3-BF4B-00C04F79EFBC}") = "Todo.Domain.Api", "Todo.Domain.Api\Todo.Domain.Api.csproj", "{A167CC80-9C66-40E8-98BF-D02874A3A641}"
EndProject
Project("{FAE04EC0-301F-11D3-BF4B-00C04F79EFBC}") = "Todo.Domain.Infra", "Todo.Domain.Infra\Todo.Domain.Infra.csproj", "{5AE5FAEA-3E4D-40A8-B3A6-BDCE0F114EA3}"
EndProject
Project("{FAE04EC0-301F-11D3-BF4B-00C04F79EFBC}") = "Todo.Domain.Tests", "Todo.Domain.Tests\Todo.Domain.Tests.csproj", "{8BF3F288-3A47-4511-AA2D-791C5C6C7C82}"
EndProject
Global
	GlobalSection(SolutionConfigurationPlatforms) = preSolution
		Debug|Any CPU = Debug|Any CPU
		Release|Any CPU = Release|Any CPU
	EndGlobalSection
	GlobalSection(SolutionProperties) = preSolution
		HideSolutionNode = FALSE
	EndGlobalSection
	GlobalSection(ProjectConfigurationPlatforms) = postSolution
		{18E2311F-3654-4877-99F9-059772ECD17C}.Debug|Any CPU.ActiveCfg = Debug|Any CPU
		{18E2311F-3654-4877-99F9-059772ECD17C}.Debug|Any CPU.Build.0 = Debug|Any CPU
		{18E2311F-3654-4877-99F9-059772ECD17C}.Release|Any CPU.ActiveCfg = Release|Any CPU
		{18E2311F-3654-4877-99F9-059772ECD17C}.Release|Any CPU.Build.0 = Release|Any CPU
		{A167CC80-9C66-40E8-98BF-D02874A3A641}.Debug|Any CPU.ActiveCfg = Debug|Any CPU
		{A167CC80-9C66-40E8-98BF-D02874A3A641}.Debug|Any CPU.Build.0 = Debug|Any CPU
		{A167CC80-9C66-40E8-98BF-D02874A3A641}.Release|Any CPU.ActiveCfg = Release|Any CPU
		{A167CC80-9C66-40E8-98BF-D02874A3A641}.Release|Any CPU.Build.0 = Release|Any CPU
		{5AE5FAEA-3E4D-40A8-B3A6-BDCE0F114EA3}.Debug|Any CPU.ActiveCfg = Debug|Any CPU
		{5AE5FAEA-3E4D-40A8-B3A6-BDCE0F114EA3}.Debug|Any CPU.Build.0 = Debug|Any CPU
		{5AE5FAEA-3E4D-40A8-B3A6-BDCE0F114EA3}.Release|Any CPU.ActiveCfg = Release|Any CPU
		{5AE5FAEA-3E4D-40A8-B3A6-BDCE0F114EA3}.Release|Any CPU.Build.0 = Release|Any CPU
		{8BF3F288-3A47-4511-AA2D-791C5C6C7C82}.Debug|Any CPU.ActiveCfg = Debug|Any CPU
		{8BF3F288-3A47-4511-AA2D-791C5C6C7C82}.Debug|Any CPU.Build.0 = Debug|Any CPU
		{8BF3F288-3A47-4511-AA2D-791C5C6C7C82}.Release|Any CPU.ActiveCfg = Release|Any CPU
		{8BF3F288-3A47-4511-AA2D-791C5C6C7C82}.Release|Any CPU.Build.0 = Release|Any CPU
	EndGlobalSection
EndGlobal
